<?xml version="1.0" encoding="utf-8"?>
<Project ToolsVersion="4.0" xmlns="http://schemas.microsoft.com/developer/msbuild/2003">
  <ItemGroup>
    <Filter Include="src">
      <UniqueIdentifier>{783eef99-9b41-4015-862e-a5a07cadae27}</UniqueIdentifier>
    </Filter>
    <Filter Include="src\shaders">
      <UniqueIdentifier>{d8acba0d-72e7-4075-a83c-9c3f2f3c0bb5}</UniqueIdentifier>
    </Filter>
    <Filter Include="src\models">
      <UniqueIdentifier>{337cc588-ab2d-4101-a446-a6c9182ab728}</UniqueIdentifier>
    </Filter>
    <Filter Include="src\eigen">
      <UniqueIdentifier>{c974652a-c046-47ec-b5ef-a7bd6556adff}</UniqueIdentifier>
    </Filter>
  </ItemGroup>
  <ItemGroup>
    <ClCompile Include="src\main.cpp">
      <Filter>src</Filter>
    </ClCompile>
    <ClCompile Include="src\shader.cpp">
      <Filter>src</Filter>
    </ClCompile>
    <ClCompile Include="src\fragment_shader.cpp">
      <Filter>src</Filter>
    </ClCompile>
    <ClCompile Include="src\vertex_shader.cpp">
      <Filter>src</Filter>
    </ClCompile>
    <ClCompile Include="src\obj_loader.cpp">
      <Filter>src</Filter>
    </ClCompile>
  </ItemGroup>
  <ItemGroup>
    <ClInclude Include="src\shader.h">
      <Filter>src</Filter>
    </ClInclude>
    <ClInclude Include="src\vertex_shader.h">
      <Filter>src</Filter>
    </ClInclude>
    <ClInclude Include="src\fragment_shader.h">
      <Filter>src</Filter>
    </ClInclude>
    <ClInclude Include="src\obj_loader.h">
      <Filter>src</Filter>
    </ClInclude>
  </ItemGroup>
  <ItemGroup>
    <None Include="src\shaders\fragment.glsl">
      <Filter>src\shaders</Filter>
    </None>
    <None Include="src\shaders\vertex.glsl">
      <Filter>src\shaders</Filter>
    </None>
    <None Include="src\Eigen\Array">
      <Filter>src\eigen</Filter>
    </None>
    <None Include="src\Eigen\Cholesky">
      <Filter>src\eigen</Filter>
    </None>
    <None Include="src\Eigen\Core">
      <Filter>src\eigen</Filter>
    </None>
    <None Include="src\Eigen\Dense">
      <Filter>src\eigen</Filter>
    </None>
    <None Include="src\Eigen\Eigen">
      <Filter>src\eigen</Filter>
    </None>
    <None Include="src\Eigen\Eigen2Support">
      <Filter>src\eigen</Filter>
    </None>
    <None Include="src\Eigen\Eigenvalues">
      <Filter>src\eigen</Filter>
    </None>
    <None Include="src\Eigen\Geometry">
      <Filter>src\eigen</Filter>
    </None>
    <None Include="src\Eigen\Householder">
      <Filter>src\eigen</Filter>
    </None>
    <None Include="src\Eigen\Jacobi">
      <Filter>src\eigen</Filter>
    </None>
    <None Include="src\Eigen\LeastSquares">
      <Filter>src\eigen</Filter>
    </None>
    <None Include="src\Eigen\LU">
      <Filter>src\eigen</Filter>
    </None>
    <None Include="src\Eigen\QR">
      <Filter>src\eigen</Filter>
    </None>
    <None Include="src\Eigen\QtAlignedMalloc">
      <Filter>src\eigen</Filter>
    </None>
    <None Include="src\Eigen\Sparse">
      <Filter>src\eigen</Filter>
    </None>
    <None Include="src\Eigen\StdDeque">
      <Filter>src\eigen</Filter>
    </None>
    <None Include="src\Eigen\StdList">
      <Filter>src\eigen</Filter>
    </None>
    <None Include="src\Eigen\StdVector">
      <Filter>src\eigen</Filter>
    </None>
    <None Include="src\Eigen\SVD">
      <Filter>src\eigen</Filter>
    </None>
  </ItemGroup>
</Project>